
Microsoft Visual Studio Solution File, Format Version 12.00
# Visual Studio Version 17
VisualStudioVersion = 17.0.31825.309
MinimumVisualStudioVersion = 10.0.40219.1
Project("{9A19103F-16F7-4668-BE54-9A1E7A4F7556}") = "NBG.Visitor", "src\NBG.Visitor\NBG.Visitor.csproj", "{FB092C38-2A59-4D4D-A6DF-02F867CC3C53}"
EndProject
Project("{2150E333-8FDC-42A3-9474-1A3956D46DE8}") = "global", "global", "{F7956AC0-1DE3-42C8-B0B1-394E17D8B845}"
	ProjectSection(SolutionItems) = preProject
		ProjectStructure.png = ProjectStructure.png
		README.md = README.md
	EndProjectSection
EndProject
Project("{2150E333-8FDC-42A3-9474-1A3956D46DE8}") = "src", "src", "{75CE8240-15ED-4C09-B9C5-ADE65AA556BA}"
EndProject
Project("{9A19103F-16F7-4668-BE54-9A1E7A4F7556}") = "NBG.Visitor.Blazor", "src\NBG.Visitor.Blazor\NBG.Visitor.Blazor.csproj", "{2E290CD3-5482-4B25-B022-0F26A0EA53C9}"
EndProject
Project("{9A19103F-16F7-4668-BE54-9A1E7A4F7556}") = "NBG.Visitor.Domain", "src\NBG.Visitor.Domain\NBG.Visitor.Domain.csproj", "{6686B746-4885-472D-AF45-87B10B349AA5}"
EndProject
Project("{9A19103F-16F7-4668-BE54-9A1E7A4F7556}") = "NBG.Visitor.Services.DB", "src\NBG.Visitor.Services.DB\NBG.Visitor.Services.DB.csproj", "{31FFC608-264D-4488-A605-1CAA30FF054E}"
EndProject
Project("{9A19103F-16F7-4668-BE54-9A1E7A4F7556}") = "NBG.Visitor.Services.REST", "src\NBG.Visitor.Services.REST\NBG.Visitor.Services.REST.csproj", "{0CBEE1B4-B253-4A27-B195-7414782D9E1E}"
EndProject
Project("{9A19103F-16F7-4668-BE54-9A1E7A4F7556}") = "NBG.Services.Clients.REST", "src\NBG.Services.Clients.REST\NBG.Services.Clients.REST.csproj", "{CB378188-BD5A-46FC-9DA6-F3B6C11EE64B}"
EndProject
Project("{9A19103F-16F7-4668-BE54-9A1E7A4F7556}") = "NBG.Visitor.Storage", "src\NBG.Visitor.Storage\NBG.Visitor.Storage.csproj", "{A37209E6-FBAC-4403-9F03-EC23AC64C5C9}"
EndProject
Project("{9A19103F-16F7-4668-BE54-9A1E7A4F7556}") = "NBG.Visitor.Services.DB.Test", "tests\NBG.Visitor.Services.DB.Test\NBG.Visitor.Services.DB.Test.csproj", "{33BADB4F-6275-4968-B403-203B8357E1A9}"
EndProject
Project("{2150E333-8FDC-42A3-9474-1A3956D46DE8}") = "tests", "tests", "{9794F5CC-42A9-4ABE-99AE-33EFEC0080D7}"
EndProject
Project("{9A19103F-16F7-4668-BE54-9A1E7A4F7556}") = "NBG.Visitor.Services.REST.Test", "tests\NBG.Visitor.Services.REST.Test\NBG.Visitor.Services.REST.Test.csproj", "{CE910D7B-7B39-4FFF-83AE-8D67370B5355}"
EndProject
Project("{FAE04EC0-301F-11D3-BF4B-00C04F79EFBC}") = "NBG.Visitor.API", "src\NBG.Visitor.API\NBG.Visitor.API.csproj", "{2232DAAC-1D32-4B5D-9C42-A11ECB8CC716}"
EndProject
Global
	GlobalSection(SolutionConfigurationPlatforms) = preSolution
		Debug|Any CPU = Debug|Any CPU
		Release|Any CPU = Release|Any CPU
	EndGlobalSection
	GlobalSection(ProjectConfigurationPlatforms) = postSolution
		{FB092C38-2A59-4D4D-A6DF-02F867CC3C53}.Debug|Any CPU.ActiveCfg = Debug|Any CPU
		{FB092C38-2A59-4D4D-A6DF-02F867CC3C53}.Debug|Any CPU.Build.0 = Debug|Any CPU
		{FB092C38-2A59-4D4D-A6DF-02F867CC3C53}.Release|Any CPU.ActiveCfg = Release|Any CPU
		{FB092C38-2A59-4D4D-A6DF-02F867CC3C53}.Release|Any CPU.Build.0 = Release|Any CPU
		{2E290CD3-5482-4B25-B022-0F26A0EA53C9}.Debug|Any CPU.ActiveCfg = Debug|Any CPU
		{2E290CD3-5482-4B25-B022-0F26A0EA53C9}.Debug|Any CPU.Build.0 = Debug|Any CPU
		{2E290CD3-5482-4B25-B022-0F26A0EA53C9}.Release|Any CPU.ActiveCfg = Release|Any CPU
		{2E290CD3-5482-4B25-B022-0F26A0EA53C9}.Release|Any CPU.Build.0 = Release|Any CPU
		{6686B746-4885-472D-AF45-87B10B349AA5}.Debug|Any CPU.ActiveCfg = Debug|Any CPU
		{6686B746-4885-472D-AF45-87B10B349AA5}.Debug|Any CPU.Build.0 = Debug|Any CPU
		{6686B746-4885-472D-AF45-87B10B349AA5}.Release|Any CPU.ActiveCfg = Release|Any CPU
		{6686B746-4885-472D-AF45-87B10B349AA5}.Release|Any CPU.Build.0 = Release|Any CPU
		{31FFC608-264D-4488-A605-1CAA30FF054E}.Debug|Any CPU.ActiveCfg = Debug|Any CPU
		{31FFC608-264D-4488-A605-1CAA30FF054E}.Debug|Any CPU.Build.0 = Debug|Any CPU
		{31FFC608-264D-4488-A605-1CAA30FF054E}.Release|Any CPU.ActiveCfg = Release|Any CPU
		{31FFC608-264D-4488-A605-1CAA30FF054E}.Release|Any CPU.Build.0 = Release|Any CPU
		{0CBEE1B4-B253-4A27-B195-7414782D9E1E}.Debug|Any CPU.ActiveCfg = Debug|Any CPU
		{0CBEE1B4-B253-4A27-B195-7414782D9E1E}.Debug|Any CPU.Build.0 = Debug|Any CPU
		{0CBEE1B4-B253-4A27-B195-7414782D9E1E}.Release|Any CPU.ActiveCfg = Release|Any CPU
		{0CBEE1B4-B253-4A27-B195-7414782D9E1E}.Release|Any CPU.Build.0 = Release|Any CPU
		{CB378188-BD5A-46FC-9DA6-F3B6C11EE64B}.Debug|Any CPU.ActiveCfg = Debug|Any CPU
		{CB378188-BD5A-46FC-9DA6-F3B6C11EE64B}.Debug|Any CPU.Build.0 = Debug|Any CPU
		{CB378188-BD5A-46FC-9DA6-F3B6C11EE64B}.Release|Any CPU.ActiveCfg = Release|Any CPU
		{CB378188-BD5A-46FC-9DA6-F3B6C11EE64B}.Release|Any CPU.Build.0 = Release|Any CPU
		{A37209E6-FBAC-4403-9F03-EC23AC64C5C9}.Debug|Any CPU.ActiveCfg = Debug|Any CPU
		{A37209E6-FBAC-4403-9F03-EC23AC64C5C9}.Debug|Any CPU.Build.0 = Debug|Any CPU
		{A37209E6-FBAC-4403-9F03-EC23AC64C5C9}.Release|Any CPU.ActiveCfg = Release|Any CPU
		{A37209E6-FBAC-4403-9F03-EC23AC64C5C9}.Release|Any CPU.Build.0 = Release|Any CPU
		{33BADB4F-6275-4968-B403-203B8357E1A9}.Debug|Any CPU.ActiveCfg = Debug|Any CPU
		{33BADB4F-6275-4968-B403-203B8357E1A9}.Debug|Any CPU.Build.0 = Debug|Any CPU
		{33BADB4F-6275-4968-B403-203B8357E1A9}.Release|Any CPU.ActiveCfg = Release|Any CPU
		{33BADB4F-6275-4968-B403-203B8357E1A9}.Release|Any CPU.Build.0 = Release|Any CPU
		{CE910D7B-7B39-4FFF-83AE-8D67370B5355}.Debug|Any CPU.ActiveCfg = Debug|Any CPU
		{CE910D7B-7B39-4FFF-83AE-8D67370B5355}.Debug|Any CPU.Build.0 = Debug|Any CPU
		{CE910D7B-7B39-4FFF-83AE-8D67370B5355}.Release|Any CPU.ActiveCfg = Release|Any CPU
		{CE910D7B-7B39-4FFF-83AE-8D67370B5355}.Release|Any CPU.Build.0 = Release|Any CPU
		{2232DAAC-1D32-4B5D-9C42-A11ECB8CC716}.Debug|Any CPU.ActiveCfg = Debug|Any CPU
		{2232DAAC-1D32-4B5D-9C42-A11ECB8CC716}.Debug|Any CPU.Build.0 = Debug|Any CPU
		{2232DAAC-1D32-4B5D-9C42-A11ECB8CC716}.Release|Any CPU.ActiveCfg = Release|Any CPU
		{2232DAAC-1D32-4B5D-9C42-A11ECB8CC716}.Release|Any CPU.Build.0 = Release|Any CPU
	EndGlobalSection
	GlobalSection(SolutionProperties) = preSolution
		HideSolutionNode = FALSE
	EndGlobalSection
	GlobalSection(NestedProjects) = preSolution
		{FB092C38-2A59-4D4D-A6DF-02F867CC3C53} = {75CE8240-15ED-4C09-B9C5-ADE65AA556BA}
		{2E290CD3-5482-4B25-B022-0F26A0EA53C9} = {75CE8240-15ED-4C09-B9C5-ADE65AA556BA}
		{6686B746-4885-472D-AF45-87B10B349AA5} = {75CE8240-15ED-4C09-B9C5-ADE65AA556BA}
		{31FFC608-264D-4488-A605-1CAA30FF054E} = {75CE8240-15ED-4C09-B9C5-ADE65AA556BA}
		{0CBEE1B4-B253-4A27-B195-7414782D9E1E} = {75CE8240-15ED-4C09-B9C5-ADE65AA556BA}
		{CB378188-BD5A-46FC-9DA6-F3B6C11EE64B} = {75CE8240-15ED-4C09-B9C5-ADE65AA556BA}
		{A37209E6-FBAC-4403-9F03-EC23AC64C5C9} = {75CE8240-15ED-4C09-B9C5-ADE65AA556BA}
		{33BADB4F-6275-4968-B403-203B8357E1A9} = {9794F5CC-42A9-4ABE-99AE-33EFEC0080D7}
		{CE910D7B-7B39-4FFF-83AE-8D67370B5355} = {9794F5CC-42A9-4ABE-99AE-33EFEC0080D7}
		{2232DAAC-1D32-4B5D-9C42-A11ECB8CC716} = {75CE8240-15ED-4C09-B9C5-ADE65AA556BA}
	EndGlobalSection
	GlobalSection(ExtensibilityGlobals) = postSolution
		SolutionGuid = {02F2F768-23E6-40F9-BC81-30793E261B44}
	EndGlobalSection
EndGlobal
