
Microsoft Visual Studio Solution File, Format Version 12.00
# Visual Studio Version 17
VisualStudioVersion = 17.0.31612.314
MinimumVisualStudioVersion = 10.0.40219.1
Project("{9A19103F-16F7-4668-BE54-9A1E7A4F7556}") = "NBG.Visitor_Registration.Client", "NBG.Visitor_Registration\Client\NBG.Visitor_Registration.Client.csproj", "{35F2360C-9E19-4C64-947E-E70DBE4C8147}"
EndProject
Project("{9A19103F-16F7-4668-BE54-9A1E7A4F7556}") = "NBG.Visitor_Registration.Server", "NBG.Visitor_Registration\Server\NBG.Visitor_Registration.Server.csproj", "{1FD70F97-8514-4150-BAA3-0ABC6CCD16E5}"
EndProject
Project("{9A19103F-16F7-4668-BE54-9A1E7A4F7556}") = "NBG.Visitor_Registration.Shared", "NBG.Visitor_Registration\Shared\NBG.Visitor_Registration.Shared.csproj", "{C1E75355-3D09-4B71-85D5-5ED77B92EB31}"
EndProject
Global
	GlobalSection(SolutionConfigurationPlatforms) = preSolution
		Debug|Any CPU = Debug|Any CPU
		Release|Any CPU = Release|Any CPU
	EndGlobalSection
	GlobalSection(ProjectConfigurationPlatforms) = postSolution
		{35F2360C-9E19-4C64-947E-E70DBE4C8147}.Debug|Any CPU.ActiveCfg = Debug|Any CPU
		{35F2360C-9E19-4C64-947E-E70DBE4C8147}.Debug|Any CPU.Build.0 = Debug|Any CPU
		{35F2360C-9E19-4C64-947E-E70DBE4C8147}.Release|Any CPU.ActiveCfg = Release|Any CPU
		{35F2360C-9E19-4C64-947E-E70DBE4C8147}.Release|Any CPU.Build.0 = Release|Any CPU
		{1FD70F97-8514-4150-BAA3-0ABC6CCD16E5}.Debug|Any CPU.ActiveCfg = Debug|Any CPU
		{1FD70F97-8514-4150-BAA3-0ABC6CCD16E5}.Debug|Any CPU.Build.0 = Debug|Any CPU
		{1FD70F97-8514-4150-BAA3-0ABC6CCD16E5}.Release|Any CPU.ActiveCfg = Release|Any CPU
		{1FD70F97-8514-4150-BAA3-0ABC6CCD16E5}.Release|Any CPU.Build.0 = Release|Any CPU
		{C1E75355-3D09-4B71-85D5-5ED77B92EB31}.Debug|Any CPU.ActiveCfg = Debug|Any CPU
		{C1E75355-3D09-4B71-85D5-5ED77B92EB31}.Debug|Any CPU.Build.0 = Debug|Any CPU
		{C1E75355-3D09-4B71-85D5-5ED77B92EB31}.Release|Any CPU.ActiveCfg = Release|Any CPU
		{C1E75355-3D09-4B71-85D5-5ED77B92EB31}.Release|Any CPU.Build.0 = Release|Any CPU
	EndGlobalSection
	GlobalSection(SolutionProperties) = preSolution
		HideSolutionNode = FALSE
	EndGlobalSection
	GlobalSection(ExtensibilityGlobals) = postSolution
		SolutionGuid = {C9D01EB2-9636-48BF-91FB-ADBCB7F7079A}
	EndGlobalSection
EndGlobal
